
Microsoft Visual Studio Solution File, Format Version 12.00
# Visual Studio 14
VisualStudioVersion = 14.0.24720.0
MinimumVisualStudioVersion = 10.0.40219.1
Project("{FAE04EC0-301F-11D3-BF4B-00C04F79EFBC}") = "TroubleSniper_Main", "TroubleSniper\TroubleSniper_Main.csproj", "{678B1472-09BE-4EE8-8185-6401358CE5AD}"
EndProject
Project("{FAE04EC0-301F-11D3-BF4B-00C04F79EFBC}") = "FocusFinder", "FocusFinder\FocusFinder.csproj", "{B4476E4D-04CF-406C-A256-B82C21B3D004}"
EndProject
Project("{2150E333-8FDC-42A3-9474-1A3956D46DE8}") = "Solution Items", "Solution Items", "{B8C06956-34DE-412E-9FF4-6B2B36F1EB54}"
	ProjectSection(SolutionItems) = preProject
		ADDINGMINIAPPS.txt = ADDINGMINIAPPS.txt
	EndProjectSection
EndProject
Project("{FAE04EC0-301F-11D3-BF4B-00C04F79EFBC}") = "ProcessParents", "ProcessParents\ProcessParents.csproj", "{1609739A-CF7C-4F44-9F3A-74EA7B62F6CE}"
EndProject
Global
	GlobalSection(SolutionConfigurationPlatforms) = preSolution
		Debug|Any CPU = Debug|Any CPU
		Release|Any CPU = Release|Any CPU
	EndGlobalSection
	GlobalSection(ProjectConfigurationPlatforms) = postSolution
		{678B1472-09BE-4EE8-8185-6401358CE5AD}.Debug|Any CPU.ActiveCfg = Debug|Any CPU
		{678B1472-09BE-4EE8-8185-6401358CE5AD}.Debug|Any CPU.Build.0 = Debug|Any CPU
		{678B1472-09BE-4EE8-8185-6401358CE5AD}.Release|Any CPU.ActiveCfg = Release|Any CPU
		{678B1472-09BE-4EE8-8185-6401358CE5AD}.Release|Any CPU.Build.0 = Release|Any CPU
		{B4476E4D-04CF-406C-A256-B82C21B3D004}.Debug|Any CPU.ActiveCfg = Debug|Any CPU
		{B4476E4D-04CF-406C-A256-B82C21B3D004}.Debug|Any CPU.Build.0 = Debug|Any CPU
		{B4476E4D-04CF-406C-A256-B82C21B3D004}.Release|Any CPU.ActiveCfg = Release|Any CPU
		{B4476E4D-04CF-406C-A256-B82C21B3D004}.Release|Any CPU.Build.0 = Release|Any CPU
		{1609739A-CF7C-4F44-9F3A-74EA7B62F6CE}.Debug|Any CPU.ActiveCfg = Debug|Any CPU
		{1609739A-CF7C-4F44-9F3A-74EA7B62F6CE}.Debug|Any CPU.Build.0 = Debug|Any CPU
		{1609739A-CF7C-4F44-9F3A-74EA7B62F6CE}.Release|Any CPU.ActiveCfg = Release|Any CPU
		{1609739A-CF7C-4F44-9F3A-74EA7B62F6CE}.Release|Any CPU.Build.0 = Release|Any CPU
	EndGlobalSection
	GlobalSection(SolutionProperties) = preSolution
		HideSolutionNode = FALSE
	EndGlobalSection
EndGlobal
