
Microsoft Visual Studio Solution File, Format Version 12.00
# Visual Studio 14
VisualStudioVersion = 14.0.24720.0
MinimumVisualStudioVersion = 10.0.40219.1
Project("{FAE04EC0-301F-11D3-BF4B-00C04F79EFBC}") = "TroubleSniper_Main", "TroubleSniper\TroubleSniper_Main.csproj", "{678B1472-09BE-4EE8-8185-6401358CE5AD}"
EndProject
Project("{FAE04EC0-301F-11D3-BF4B-00C04F79EFBC}") = "FocusFinder2_Deprecated", "FocusFinder2\FocusFinder2_Deprecated.csproj", "{3D2470A7-97F3-4264-A1A6-17F822925810}"
EndProject
Project("{FAE04EC0-301F-11D3-BF4B-00C04F79EFBC}") = "FocusFinder", "FocusFinder\FocusFinder.csproj", "{B4476E4D-04CF-406C-A256-B82C21B3D004}"
EndProject
Global
	GlobalSection(SolutionConfigurationPlatforms) = preSolution
		Debug|Any CPU = Debug|Any CPU
		Release|Any CPU = Release|Any CPU
	EndGlobalSection
	GlobalSection(ProjectConfigurationPlatforms) = postSolution
		{678B1472-09BE-4EE8-8185-6401358CE5AD}.Debug|Any CPU.ActiveCfg = Debug|Any CPU
		{678B1472-09BE-4EE8-8185-6401358CE5AD}.Debug|Any CPU.Build.0 = Debug|Any CPU
		{678B1472-09BE-4EE8-8185-6401358CE5AD}.Release|Any CPU.ActiveCfg = Release|Any CPU
		{678B1472-09BE-4EE8-8185-6401358CE5AD}.Release|Any CPU.Build.0 = Release|Any CPU
		{3D2470A7-97F3-4264-A1A6-17F822925810}.Debug|Any CPU.ActiveCfg = Debug|Any CPU
		{3D2470A7-97F3-4264-A1A6-17F822925810}.Debug|Any CPU.Build.0 = Debug|Any CPU
		{3D2470A7-97F3-4264-A1A6-17F822925810}.Release|Any CPU.ActiveCfg = Release|Any CPU
		{3D2470A7-97F3-4264-A1A6-17F822925810}.Release|Any CPU.Build.0 = Release|Any CPU
		{B4476E4D-04CF-406C-A256-B82C21B3D004}.Debug|Any CPU.ActiveCfg = Debug|Any CPU
		{B4476E4D-04CF-406C-A256-B82C21B3D004}.Debug|Any CPU.Build.0 = Debug|Any CPU
		{B4476E4D-04CF-406C-A256-B82C21B3D004}.Release|Any CPU.ActiveCfg = Release|Any CPU
		{B4476E4D-04CF-406C-A256-B82C21B3D004}.Release|Any CPU.Build.0 = Release|Any CPU
	EndGlobalSection
	GlobalSection(SolutionProperties) = preSolution
		HideSolutionNode = FALSE
	EndGlobalSection
EndGlobal
